
Microsoft Visual Studio Solution File, Format Version 12.00
# Visual Studio Version 16
VisualStudioVersion = 16.0.31702.278
MinimumVisualStudioVersion = 10.0.40219.1
Project("{FAE04EC0-301F-11D3-BF4B-00C04F79EFBC}") = "2.6", "2.6\2.6.csproj", "{8B4DC6E3-5A09-4BF8-B147-4B1B4BFB428C}"
EndProject
Global
	GlobalSection(SolutionConfigurationPlatforms) = preSolution
		Debug|Any CPU = Debug|Any CPU
		Release|Any CPU = Release|Any CPU
	EndGlobalSection
	GlobalSection(ProjectConfigurationPlatforms) = postSolution
		{8B4DC6E3-5A09-4BF8-B147-4B1B4BFB428C}.Debug|Any CPU.ActiveCfg = Debug|Any CPU
		{8B4DC6E3-5A09-4BF8-B147-4B1B4BFB428C}.Debug|Any CPU.Build.0 = Debug|Any CPU
		{8B4DC6E3-5A09-4BF8-B147-4B1B4BFB428C}.Release|Any CPU.ActiveCfg = Release|Any CPU
		{8B4DC6E3-5A09-4BF8-B147-4B1B4BFB428C}.Release|Any CPU.Build.0 = Release|Any CPU
	EndGlobalSection
	GlobalSection(SolutionProperties) = preSolution
		HideSolutionNode = FALSE
	EndGlobalSection
	GlobalSection(ExtensibilityGlobals) = postSolution
		SolutionGuid = {D1557095-BD80-4DD2-9835-82B78ABD47B5}
	EndGlobalSection
EndGlobal
