
Microsoft Visual Studio Solution File, Format Version 12.00
# Visual Studio Version 16
VisualStudioVersion = 16.0.31702.278
MinimumVisualStudioVersion = 10.0.40219.1
Project("{FAE04EC0-301F-11D3-BF4B-00C04F79EFBC}") = "2.7", "2.7\2.7.csproj", "{0FB787AE-7792-4ADA-B686-D95594CBAC3F}"
EndProject
Global
	GlobalSection(SolutionConfigurationPlatforms) = preSolution
		Debug|Any CPU = Debug|Any CPU
		Release|Any CPU = Release|Any CPU
	EndGlobalSection
	GlobalSection(ProjectConfigurationPlatforms) = postSolution
		{0FB787AE-7792-4ADA-B686-D95594CBAC3F}.Debug|Any CPU.ActiveCfg = Debug|Any CPU
		{0FB787AE-7792-4ADA-B686-D95594CBAC3F}.Debug|Any CPU.Build.0 = Debug|Any CPU
		{0FB787AE-7792-4ADA-B686-D95594CBAC3F}.Release|Any CPU.ActiveCfg = Release|Any CPU
		{0FB787AE-7792-4ADA-B686-D95594CBAC3F}.Release|Any CPU.Build.0 = Release|Any CPU
	EndGlobalSection
	GlobalSection(SolutionProperties) = preSolution
		HideSolutionNode = FALSE
	EndGlobalSection
	GlobalSection(ExtensibilityGlobals) = postSolution
		SolutionGuid = {22499A3A-E4FB-4A06-A80C-91A46FC5EA1C}
	EndGlobalSection
EndGlobal
